
Microsoft Visual Studio Solution File, Format Version 12.00
# Visual Studio Version 16
VisualStudioVersion = 16.0.29613.14
MinimumVisualStudioVersion = 10.0.40219.1
Project("{FAE04EC0-301F-11D3-BF4B-00C04F79EFBC}") = "Codility_Practice_Projects", "Codility_Practice_Projects\Codility_Practice_Projects.csproj", "{49B79D3A-1A72-4807-B7F2-06DED9371E7F}"
EndProject
Project("{FAE04EC0-301F-11D3-BF4B-00C04F79EFBC}") = "BugfixingLeader", "BugfixingLeader\BugfixingLeader.csproj", "{AFA628DA-2AF9-4DA3-8FF8-723FFA917BEE}"
EndProject
Project("{FAE04EC0-301F-11D3-BF4B-00C04F79EFBC}") = "PrefixSet", "PrefixSet\PrefixSet.csproj", "{B259145E-6D54-45A8-B490-A67BD3060F08}"
EndProject
Project("{FAE04EC0-301F-11D3-BF4B-00C04F79EFBC}") = "SpeedCameras", "SpeedCameras\SpeedCameras.csproj", "{D1E1F038-47ED-478F-98A3-9D2D5A771FEE}"
EndProject
Project("{FAE04EC0-301F-11D3-BF4B-00C04F79EFBC}") = "SqlSegmentsSum", "SqlSegmentsSum\SqlSegmentsSum.csproj", "{4A74DDFE-BF48-4DB8-8C1C-3DF2D7D016EE}"
EndProject
Project("{FAE04EC0-301F-11D3-BF4B-00C04F79EFBC}") = "BinaryGap", "BinaryGap\BinaryGap.csproj", "{DC2817BE-CBF2-4D5D-BF92-12AFBCCDB3D1}"
EndProject
Project("{FAE04EC0-301F-11D3-BF4B-00C04F79EFBC}") = "CyclicRotation", "CyclicRotation\CyclicRotation.csproj", "{101D1D0B-28BF-464F-9DED-F65ED829D733}"
EndProject
Project("{FAE04EC0-301F-11D3-BF4B-00C04F79EFBC}") = "FrogJump", "FrogJump\FrogJump.csproj", "{CE2B7ABB-1628-4F3F-948E-00C338C92245}"
EndProject
Project("{FAE04EC0-301F-11D3-BF4B-00C04F79EFBC}") = "PermMissingElem", "PermMissingElem\PermMissingElem.csproj", "{23CC3ADE-3AC2-4068-8410-5A751CBEB035}"
EndProject
Project("{FAE04EC0-301F-11D3-BF4B-00C04F79EFBC}") = "PermCheck", "PermCheck\PermCheck.csproj", "{ECE2EFE9-C584-429C-ACB9-9C5913A2FF57}"
EndProject
Project("{FAE04EC0-301F-11D3-BF4B-00C04F79EFBC}") = "BracketSequence", "BracketSequence\BracketSequence.csproj", "{5EA8F03A-2FB4-45BD-B141-A06ECD6B5E0E}"
EndProject
Project("{FAE04EC0-301F-11D3-BF4B-00C04F79EFBC}") = "OddOccurrencesInArray", "OddOccurrencesInArray\OddOccurrencesInArray.csproj", "{B0F3B08F-4C43-4327-9660-6B5F6F150126}"
EndProject
Project("{FAE04EC0-301F-11D3-BF4B-00C04F79EFBC}") = "FibFrog", "FibFrog\FibFrog.csproj", "{61F4DAE5-0304-435D-81A0-A1FC31BC6C45}"
EndProject
Project("{FAE04EC0-301F-11D3-BF4B-00C04F79EFBC}") = "MaxProductOfThree", "MaxProductOfThree\MaxProductOfThree.csproj", "{F4DC0519-6991-45CB-AC97-86F38C126E2B}"
EndProject
Project("{FAE04EC0-301F-11D3-BF4B-00C04F79EFBC}") = "Triangle", "Triangle\Triangle.csproj", "{3008AC57-C937-4186-9B7A-681C9932AF45}"
EndProject
Project("{FAE04EC0-301F-11D3-BF4B-00C04F79EFBC}") = "NumberOfDiscIntersections", "NumberOfDiscIntersections\NumberOfDiscIntersections.csproj", "{F91D4E65-07FF-4B9B-A16A-539D19E5CDA4}"
EndProject
Project("{FAE04EC0-301F-11D3-BF4B-00C04F79EFBC}") = "Brackets", "Brackets\Brackets.csproj", "{1CE04DC0-C05A-4271-A1BD-F4AEEF0422C5}"
EndProject
Project("{FAE04EC0-301F-11D3-BF4B-00C04F79EFBC}") = "Fish", "Fish\Fish.csproj", "{1C69771A-11DC-4187-8BD0-849BC7BB61EE}"
EndProject
Global
	GlobalSection(SolutionConfigurationPlatforms) = preSolution
		Debug|Any CPU = Debug|Any CPU
		Release|Any CPU = Release|Any CPU
	EndGlobalSection
	GlobalSection(ProjectConfigurationPlatforms) = postSolution
		{49B79D3A-1A72-4807-B7F2-06DED9371E7F}.Debug|Any CPU.ActiveCfg = Debug|Any CPU
		{49B79D3A-1A72-4807-B7F2-06DED9371E7F}.Debug|Any CPU.Build.0 = Debug|Any CPU
		{49B79D3A-1A72-4807-B7F2-06DED9371E7F}.Release|Any CPU.ActiveCfg = Release|Any CPU
		{49B79D3A-1A72-4807-B7F2-06DED9371E7F}.Release|Any CPU.Build.0 = Release|Any CPU
		{AFA628DA-2AF9-4DA3-8FF8-723FFA917BEE}.Debug|Any CPU.ActiveCfg = Debug|Any CPU
		{AFA628DA-2AF9-4DA3-8FF8-723FFA917BEE}.Debug|Any CPU.Build.0 = Debug|Any CPU
		{AFA628DA-2AF9-4DA3-8FF8-723FFA917BEE}.Release|Any CPU.ActiveCfg = Release|Any CPU
		{AFA628DA-2AF9-4DA3-8FF8-723FFA917BEE}.Release|Any CPU.Build.0 = Release|Any CPU
		{B259145E-6D54-45A8-B490-A67BD3060F08}.Debug|Any CPU.ActiveCfg = Debug|Any CPU
		{B259145E-6D54-45A8-B490-A67BD3060F08}.Debug|Any CPU.Build.0 = Debug|Any CPU
		{B259145E-6D54-45A8-B490-A67BD3060F08}.Release|Any CPU.ActiveCfg = Release|Any CPU
		{B259145E-6D54-45A8-B490-A67BD3060F08}.Release|Any CPU.Build.0 = Release|Any CPU
		{D1E1F038-47ED-478F-98A3-9D2D5A771FEE}.Debug|Any CPU.ActiveCfg = Debug|Any CPU
		{D1E1F038-47ED-478F-98A3-9D2D5A771FEE}.Debug|Any CPU.Build.0 = Debug|Any CPU
		{D1E1F038-47ED-478F-98A3-9D2D5A771FEE}.Release|Any CPU.ActiveCfg = Release|Any CPU
		{D1E1F038-47ED-478F-98A3-9D2D5A771FEE}.Release|Any CPU.Build.0 = Release|Any CPU
		{4A74DDFE-BF48-4DB8-8C1C-3DF2D7D016EE}.Debug|Any CPU.ActiveCfg = Debug|Any CPU
		{4A74DDFE-BF48-4DB8-8C1C-3DF2D7D016EE}.Debug|Any CPU.Build.0 = Debug|Any CPU
		{4A74DDFE-BF48-4DB8-8C1C-3DF2D7D016EE}.Release|Any CPU.ActiveCfg = Release|Any CPU
		{4A74DDFE-BF48-4DB8-8C1C-3DF2D7D016EE}.Release|Any CPU.Build.0 = Release|Any CPU
		{DC2817BE-CBF2-4D5D-BF92-12AFBCCDB3D1}.Debug|Any CPU.ActiveCfg = Debug|Any CPU
		{DC2817BE-CBF2-4D5D-BF92-12AFBCCDB3D1}.Debug|Any CPU.Build.0 = Debug|Any CPU
		{DC2817BE-CBF2-4D5D-BF92-12AFBCCDB3D1}.Release|Any CPU.ActiveCfg = Release|Any CPU
		{DC2817BE-CBF2-4D5D-BF92-12AFBCCDB3D1}.Release|Any CPU.Build.0 = Release|Any CPU
		{101D1D0B-28BF-464F-9DED-F65ED829D733}.Debug|Any CPU.ActiveCfg = Debug|Any CPU
		{101D1D0B-28BF-464F-9DED-F65ED829D733}.Debug|Any CPU.Build.0 = Debug|Any CPU
		{101D1D0B-28BF-464F-9DED-F65ED829D733}.Release|Any CPU.ActiveCfg = Release|Any CPU
		{101D1D0B-28BF-464F-9DED-F65ED829D733}.Release|Any CPU.Build.0 = Release|Any CPU
		{CE2B7ABB-1628-4F3F-948E-00C338C92245}.Debug|Any CPU.ActiveCfg = Debug|Any CPU
		{CE2B7ABB-1628-4F3F-948E-00C338C92245}.Debug|Any CPU.Build.0 = Debug|Any CPU
		{CE2B7ABB-1628-4F3F-948E-00C338C92245}.Release|Any CPU.ActiveCfg = Release|Any CPU
		{CE2B7ABB-1628-4F3F-948E-00C338C92245}.Release|Any CPU.Build.0 = Release|Any CPU
		{23CC3ADE-3AC2-4068-8410-5A751CBEB035}.Debug|Any CPU.ActiveCfg = Debug|Any CPU
		{23CC3ADE-3AC2-4068-8410-5A751CBEB035}.Debug|Any CPU.Build.0 = Debug|Any CPU
		{23CC3ADE-3AC2-4068-8410-5A751CBEB035}.Release|Any CPU.ActiveCfg = Release|Any CPU
		{23CC3ADE-3AC2-4068-8410-5A751CBEB035}.Release|Any CPU.Build.0 = Release|Any CPU
		{ECE2EFE9-C584-429C-ACB9-9C5913A2FF57}.Debug|Any CPU.ActiveCfg = Debug|Any CPU
		{ECE2EFE9-C584-429C-ACB9-9C5913A2FF57}.Debug|Any CPU.Build.0 = Debug|Any CPU
		{ECE2EFE9-C584-429C-ACB9-9C5913A2FF57}.Release|Any CPU.ActiveCfg = Release|Any CPU
		{ECE2EFE9-C584-429C-ACB9-9C5913A2FF57}.Release|Any CPU.Build.0 = Release|Any CPU
		{5EA8F03A-2FB4-45BD-B141-A06ECD6B5E0E}.Debug|Any CPU.ActiveCfg = Debug|Any CPU
		{5EA8F03A-2FB4-45BD-B141-A06ECD6B5E0E}.Debug|Any CPU.Build.0 = Debug|Any CPU
		{5EA8F03A-2FB4-45BD-B141-A06ECD6B5E0E}.Release|Any CPU.ActiveCfg = Release|Any CPU
		{5EA8F03A-2FB4-45BD-B141-A06ECD6B5E0E}.Release|Any CPU.Build.0 = Release|Any CPU
		{B0F3B08F-4C43-4327-9660-6B5F6F150126}.Debug|Any CPU.ActiveCfg = Debug|Any CPU
		{B0F3B08F-4C43-4327-9660-6B5F6F150126}.Debug|Any CPU.Build.0 = Debug|Any CPU
		{B0F3B08F-4C43-4327-9660-6B5F6F150126}.Release|Any CPU.ActiveCfg = Release|Any CPU
		{B0F3B08F-4C43-4327-9660-6B5F6F150126}.Release|Any CPU.Build.0 = Release|Any CPU
		{61F4DAE5-0304-435D-81A0-A1FC31BC6C45}.Debug|Any CPU.ActiveCfg = Debug|Any CPU
		{61F4DAE5-0304-435D-81A0-A1FC31BC6C45}.Debug|Any CPU.Build.0 = Debug|Any CPU
		{61F4DAE5-0304-435D-81A0-A1FC31BC6C45}.Release|Any CPU.ActiveCfg = Release|Any CPU
		{61F4DAE5-0304-435D-81A0-A1FC31BC6C45}.Release|Any CPU.Build.0 = Release|Any CPU
		{F4DC0519-6991-45CB-AC97-86F38C126E2B}.Debug|Any CPU.ActiveCfg = Debug|Any CPU
		{F4DC0519-6991-45CB-AC97-86F38C126E2B}.Debug|Any CPU.Build.0 = Debug|Any CPU
		{F4DC0519-6991-45CB-AC97-86F38C126E2B}.Release|Any CPU.ActiveCfg = Release|Any CPU
		{F4DC0519-6991-45CB-AC97-86F38C126E2B}.Release|Any CPU.Build.0 = Release|Any CPU
		{3008AC57-C937-4186-9B7A-681C9932AF45}.Debug|Any CPU.ActiveCfg = Debug|Any CPU
		{3008AC57-C937-4186-9B7A-681C9932AF45}.Debug|Any CPU.Build.0 = Debug|Any CPU
		{3008AC57-C937-4186-9B7A-681C9932AF45}.Release|Any CPU.ActiveCfg = Release|Any CPU
		{3008AC57-C937-4186-9B7A-681C9932AF45}.Release|Any CPU.Build.0 = Release|Any CPU
		{F91D4E65-07FF-4B9B-A16A-539D19E5CDA4}.Debug|Any CPU.ActiveCfg = Debug|Any CPU
		{F91D4E65-07FF-4B9B-A16A-539D19E5CDA4}.Debug|Any CPU.Build.0 = Debug|Any CPU
		{F91D4E65-07FF-4B9B-A16A-539D19E5CDA4}.Release|Any CPU.ActiveCfg = Release|Any CPU
		{F91D4E65-07FF-4B9B-A16A-539D19E5CDA4}.Release|Any CPU.Build.0 = Release|Any CPU
		{1CE04DC0-C05A-4271-A1BD-F4AEEF0422C5}.Debug|Any CPU.ActiveCfg = Debug|Any CPU
		{1CE04DC0-C05A-4271-A1BD-F4AEEF0422C5}.Debug|Any CPU.Build.0 = Debug|Any CPU
		{1CE04DC0-C05A-4271-A1BD-F4AEEF0422C5}.Release|Any CPU.ActiveCfg = Release|Any CPU
		{1CE04DC0-C05A-4271-A1BD-F4AEEF0422C5}.Release|Any CPU.Build.0 = Release|Any CPU
		{1C69771A-11DC-4187-8BD0-849BC7BB61EE}.Debug|Any CPU.ActiveCfg = Debug|Any CPU
		{1C69771A-11DC-4187-8BD0-849BC7BB61EE}.Debug|Any CPU.Build.0 = Debug|Any CPU
		{1C69771A-11DC-4187-8BD0-849BC7BB61EE}.Release|Any CPU.ActiveCfg = Release|Any CPU
		{1C69771A-11DC-4187-8BD0-849BC7BB61EE}.Release|Any CPU.Build.0 = Release|Any CPU
	EndGlobalSection
	GlobalSection(SolutionProperties) = preSolution
		HideSolutionNode = FALSE
	EndGlobalSection
	GlobalSection(ExtensibilityGlobals) = postSolution
		SolutionGuid = {A666CDF9-BB3A-41B7-BBA7-B352DC940C16}
	EndGlobalSection
EndGlobal
